
Microsoft Visual Studio Solution File, Format Version 12.00
# Visual Studio Version 17
VisualStudioVersion = 17.9.34714.143
MinimumVisualStudioVersion = 10.0.40219.1
Project("{FAE04EC0-301F-11D3-BF4B-00C04F79EFBC}") = "HotelListing.API", "HotelListing.API\HotelListing.API.csproj", "{DF278F63-6217-4E47-A00E-C5FFD77D8EDC}"
EndProject
Project("{FAE04EC0-301F-11D3-BF4B-00C04F79EFBC}") = "HotelListing.MinimalAPI", "HotelListing.MinimalAPI\HotelListing.MinimalAPI.csproj", "{CDF5F8AF-1771-4131-A341-549A68C9EB83}"
EndProject
Global
	GlobalSection(SolutionConfigurationPlatforms) = preSolution
		Debug|Any CPU = Debug|Any CPU
		Release|Any CPU = Release|Any CPU
	EndGlobalSection
	GlobalSection(ProjectConfigurationPlatforms) = postSolution
		{DF278F63-6217-4E47-A00E-C5FFD77D8EDC}.Debug|Any CPU.ActiveCfg = Debug|Any CPU
		{DF278F63-6217-4E47-A00E-C5FFD77D8EDC}.Debug|Any CPU.Build.0 = Debug|Any CPU
		{DF278F63-6217-4E47-A00E-C5FFD77D8EDC}.Release|Any CPU.ActiveCfg = Release|Any CPU
		{DF278F63-6217-4E47-A00E-C5FFD77D8EDC}.Release|Any CPU.Build.0 = Release|Any CPU
		{CDF5F8AF-1771-4131-A341-549A68C9EB83}.Debug|Any CPU.ActiveCfg = Debug|Any CPU
		{CDF5F8AF-1771-4131-A341-549A68C9EB83}.Debug|Any CPU.Build.0 = Debug|Any CPU
		{CDF5F8AF-1771-4131-A341-549A68C9EB83}.Release|Any CPU.ActiveCfg = Release|Any CPU
		{CDF5F8AF-1771-4131-A341-549A68C9EB83}.Release|Any CPU.Build.0 = Release|Any CPU
	EndGlobalSection
	GlobalSection(SolutionProperties) = preSolution
		HideSolutionNode = FALSE
	EndGlobalSection
	GlobalSection(ExtensibilityGlobals) = postSolution
		SolutionGuid = {A3C21E13-03A7-4D33-9FDB-A5EF3127CCD5}
	EndGlobalSection
EndGlobal
